
Microsoft Visual Studio Solution File, Format Version 12.00
# Visual Studio Version 17
VisualStudioVersion = 17.3.32929.385
MinimumVisualStudioVersion = 10.0.40219.1
Project("{FAE04EC0-301F-11D3-BF4B-00C04F79EFBC}") = "assignement10", "assignement10\assignement10.csproj", "{D57FE9FE-6541-4627-B0EA-06EE8FF4D228}"
EndProject
Global
	GlobalSection(SolutionConfigurationPlatforms) = preSolution
		Debug|Any CPU = Debug|Any CPU
		Release|Any CPU = Release|Any CPU
	EndGlobalSection
	GlobalSection(ProjectConfigurationPlatforms) = postSolution
		{D57FE9FE-6541-4627-B0EA-06EE8FF4D228}.Debug|Any CPU.ActiveCfg = Debug|Any CPU
		{D57FE9FE-6541-4627-B0EA-06EE8FF4D228}.Debug|Any CPU.Build.0 = Debug|Any CPU
		{D57FE9FE-6541-4627-B0EA-06EE8FF4D228}.Release|Any CPU.ActiveCfg = Release|Any CPU
		{D57FE9FE-6541-4627-B0EA-06EE8FF4D228}.Release|Any CPU.Build.0 = Release|Any CPU
	EndGlobalSection
	GlobalSection(SolutionProperties) = preSolution
		HideSolutionNode = FALSE
	EndGlobalSection
	GlobalSection(ExtensibilityGlobals) = postSolution
		SolutionGuid = {F35FDC4B-5458-4524-A079-506D2B09B4E3}
	EndGlobalSection
EndGlobal
