
Microsoft Visual Studio Solution File, Format Version 12.00
# Visual Studio Version 17
VisualStudioVersion = 17.3.32929.385
MinimumVisualStudioVersion = 10.0.40219.1
Project("{FAE04EC0-301F-11D3-BF4B-00C04F79EFBC}") = "Assignment1", "Assignment1\Assignment1.csproj", "{F073E135-EA34-41E7-AA67-28D23FC1BBF9}"
EndProject
Global
	GlobalSection(SolutionConfigurationPlatforms) = preSolution
		Debug|Any CPU = Debug|Any CPU
		Release|Any CPU = Release|Any CPU
	EndGlobalSection
	GlobalSection(ProjectConfigurationPlatforms) = postSolution
		{F073E135-EA34-41E7-AA67-28D23FC1BBF9}.Debug|Any CPU.ActiveCfg = Debug|Any CPU
		{F073E135-EA34-41E7-AA67-28D23FC1BBF9}.Debug|Any CPU.Build.0 = Debug|Any CPU
		{F073E135-EA34-41E7-AA67-28D23FC1BBF9}.Release|Any CPU.ActiveCfg = Release|Any CPU
		{F073E135-EA34-41E7-AA67-28D23FC1BBF9}.Release|Any CPU.Build.0 = Release|Any CPU
	EndGlobalSection
	GlobalSection(SolutionProperties) = preSolution
		HideSolutionNode = FALSE
	EndGlobalSection
	GlobalSection(ExtensibilityGlobals) = postSolution
		SolutionGuid = {80A42F3D-408B-4D27-8677-3612B3BCA752}
	EndGlobalSection
EndGlobal
