
Microsoft Visual Studio Solution File, Format Version 12.00
# Visual Studio Version 17
VisualStudioVersion = 17.3.32929.385
MinimumVisualStudioVersion = 10.0.40219.1
Project("{FAE04EC0-301F-11D3-BF4B-00C04F79EFBC}") = "assignment17", "assignment17\assignment17.csproj", "{4F4A1E83-D5E3-4C4D-B2ED-F7A96E204ACF}"
EndProject
Global
	GlobalSection(SolutionConfigurationPlatforms) = preSolution
		Debug|Any CPU = Debug|Any CPU
		Release|Any CPU = Release|Any CPU
	EndGlobalSection
	GlobalSection(ProjectConfigurationPlatforms) = postSolution
		{4F4A1E83-D5E3-4C4D-B2ED-F7A96E204ACF}.Debug|Any CPU.ActiveCfg = Debug|Any CPU
		{4F4A1E83-D5E3-4C4D-B2ED-F7A96E204ACF}.Debug|Any CPU.Build.0 = Debug|Any CPU
		{4F4A1E83-D5E3-4C4D-B2ED-F7A96E204ACF}.Release|Any CPU.ActiveCfg = Release|Any CPU
		{4F4A1E83-D5E3-4C4D-B2ED-F7A96E204ACF}.Release|Any CPU.Build.0 = Release|Any CPU
	EndGlobalSection
	GlobalSection(SolutionProperties) = preSolution
		HideSolutionNode = FALSE
	EndGlobalSection
	GlobalSection(ExtensibilityGlobals) = postSolution
		SolutionGuid = {8B00ABFD-7A01-4D4D-87D7-A46DF3FEF43F}
	EndGlobalSection
EndGlobal
