
Microsoft Visual Studio Solution File, Format Version 12.00
# Visual Studio Version 17
VisualStudioVersion = 17.3.32929.385
MinimumVisualStudioVersion = 10.0.40219.1
Project("{FAE04EC0-301F-11D3-BF4B-00C04F79EFBC}") = "assignment12", "assignment12\assignment12.csproj", "{0AA3902F-4E9A-482C-8183-EED2E11C8748}"
EndProject
Global
	GlobalSection(SolutionConfigurationPlatforms) = preSolution
		Debug|Any CPU = Debug|Any CPU
		Release|Any CPU = Release|Any CPU
	EndGlobalSection
	GlobalSection(ProjectConfigurationPlatforms) = postSolution
		{0AA3902F-4E9A-482C-8183-EED2E11C8748}.Debug|Any CPU.ActiveCfg = Debug|Any CPU
		{0AA3902F-4E9A-482C-8183-EED2E11C8748}.Debug|Any CPU.Build.0 = Debug|Any CPU
		{0AA3902F-4E9A-482C-8183-EED2E11C8748}.Release|Any CPU.ActiveCfg = Release|Any CPU
		{0AA3902F-4E9A-482C-8183-EED2E11C8748}.Release|Any CPU.Build.0 = Release|Any CPU
	EndGlobalSection
	GlobalSection(SolutionProperties) = preSolution
		HideSolutionNode = FALSE
	EndGlobalSection
	GlobalSection(ExtensibilityGlobals) = postSolution
		SolutionGuid = {F6AEE3E6-8388-44C1-A9F0-8CFE52C487F3}
	EndGlobalSection
EndGlobal
