
Microsoft Visual Studio Solution File, Format Version 12.00
# Visual Studio Version 17
VisualStudioVersion = 17.3.32929.385
MinimumVisualStudioVersion = 10.0.40219.1
Project("{FAE04EC0-301F-11D3-BF4B-00C04F79EFBC}") = "assignment5", "assignment5\assignment5.csproj", "{957E2B6F-2C7A-4286-9936-1B95BF08FE1B}"
EndProject
Global
	GlobalSection(SolutionConfigurationPlatforms) = preSolution
		Debug|Any CPU = Debug|Any CPU
		Release|Any CPU = Release|Any CPU
	EndGlobalSection
	GlobalSection(ProjectConfigurationPlatforms) = postSolution
		{957E2B6F-2C7A-4286-9936-1B95BF08FE1B}.Debug|Any CPU.ActiveCfg = Debug|Any CPU
		{957E2B6F-2C7A-4286-9936-1B95BF08FE1B}.Debug|Any CPU.Build.0 = Debug|Any CPU
		{957E2B6F-2C7A-4286-9936-1B95BF08FE1B}.Release|Any CPU.ActiveCfg = Release|Any CPU
		{957E2B6F-2C7A-4286-9936-1B95BF08FE1B}.Release|Any CPU.Build.0 = Release|Any CPU
	EndGlobalSection
	GlobalSection(SolutionProperties) = preSolution
		HideSolutionNode = FALSE
	EndGlobalSection
	GlobalSection(ExtensibilityGlobals) = postSolution
		SolutionGuid = {F2EA2778-17CF-447B-A606-C0D0D1581166}
	EndGlobalSection
EndGlobal
