
Microsoft Visual Studio Solution File, Format Version 12.00
# Visual Studio Version 17
VisualStudioVersion = 17.3.32929.385
MinimumVisualStudioVersion = 10.0.40219.1
Project("{FAE04EC0-301F-11D3-BF4B-00C04F79EFBC}") = "assignment15", "assignment15\assignment15.csproj", "{FA52F34C-68F1-4AF8-AF68-8CA91DF0ABF8}"
EndProject
Global
	GlobalSection(SolutionConfigurationPlatforms) = preSolution
		Debug|Any CPU = Debug|Any CPU
		Release|Any CPU = Release|Any CPU
	EndGlobalSection
	GlobalSection(ProjectConfigurationPlatforms) = postSolution
		{FA52F34C-68F1-4AF8-AF68-8CA91DF0ABF8}.Debug|Any CPU.ActiveCfg = Debug|Any CPU
		{FA52F34C-68F1-4AF8-AF68-8CA91DF0ABF8}.Debug|Any CPU.Build.0 = Debug|Any CPU
		{FA52F34C-68F1-4AF8-AF68-8CA91DF0ABF8}.Release|Any CPU.ActiveCfg = Release|Any CPU
		{FA52F34C-68F1-4AF8-AF68-8CA91DF0ABF8}.Release|Any CPU.Build.0 = Release|Any CPU
	EndGlobalSection
	GlobalSection(SolutionProperties) = preSolution
		HideSolutionNode = FALSE
	EndGlobalSection
	GlobalSection(ExtensibilityGlobals) = postSolution
		SolutionGuid = {AC3FC91F-76BD-4B12-A10A-E6D7A28B81A5}
	EndGlobalSection
EndGlobal
